
Microsoft Visual Studio Solution File, Format Version 12.00
# Visual Studio Version 17
VisualStudioVersion = 17.1.32407.343
MinimumVisualStudioVersion = 10.0.40219.1
Project("{FAE04EC0-301F-11D3-BF4B-00C04F79EFBC}") = "OldRobot", "OldRobot\OldRobot.csproj", "{8FB03E53-53F7-4D17-9ADD-A36960D312FD}"
EndProject
Global
	GlobalSection(SolutionConfigurationPlatforms) = preSolution
		Debug|Any CPU = Debug|Any CPU
		Release|Any CPU = Release|Any CPU
	EndGlobalSection
	GlobalSection(ProjectConfigurationPlatforms) = postSolution
		{8FB03E53-53F7-4D17-9ADD-A36960D312FD}.Debug|Any CPU.ActiveCfg = Debug|Any CPU
		{8FB03E53-53F7-4D17-9ADD-A36960D312FD}.Debug|Any CPU.Build.0 = Debug|Any CPU
		{8FB03E53-53F7-4D17-9ADD-A36960D312FD}.Release|Any CPU.ActiveCfg = Release|Any CPU
		{8FB03E53-53F7-4D17-9ADD-A36960D312FD}.Release|Any CPU.Build.0 = Release|Any CPU
	EndGlobalSection
	GlobalSection(SolutionProperties) = preSolution
		HideSolutionNode = FALSE
	EndGlobalSection
	GlobalSection(ExtensibilityGlobals) = postSolution
		SolutionGuid = {2D8A5B00-CF66-4ED4-A15E-90F9C00CAE13}
	EndGlobalSection
EndGlobal
